
Microsoft Visual Studio Solution File, Format Version 12.00
# Visual Studio Version 16
VisualStudioVersion = 16.0.30320.27
MinimumVisualStudioVersion = 10.0.40219.1
Project("{FAE04EC0-301F-11D3-BF4B-00C04F79EFBC}") = "StudentsProfileApp", "StudentsProfileApp.csproj", "{8425764E-DD6A-4B7A-9B14-F0E74CC5AE47}"
EndProject
Global
	GlobalSection(SolutionConfigurationPlatforms) = preSolution
		Debug|Any CPU = Debug|Any CPU
		Release|Any CPU = Release|Any CPU
	EndGlobalSection
	GlobalSection(ProjectConfigurationPlatforms) = postSolution
		{8425764E-DD6A-4B7A-9B14-F0E74CC5AE47}.Debug|Any CPU.ActiveCfg = Debug|Any CPU
		{8425764E-DD6A-4B7A-9B14-F0E74CC5AE47}.Debug|Any CPU.Build.0 = Debug|Any CPU
		{8425764E-DD6A-4B7A-9B14-F0E74CC5AE47}.Release|Any CPU.ActiveCfg = Release|Any CPU
		{8425764E-DD6A-4B7A-9B14-F0E74CC5AE47}.Release|Any CPU.Build.0 = Release|Any CPU
	EndGlobalSection
	GlobalSection(SolutionProperties) = preSolution
		HideSolutionNode = FALSE
	EndGlobalSection
	GlobalSection(ExtensibilityGlobals) = postSolution
		SolutionGuid = {C7597806-895A-4BE6-B2A5-E5BF82419E45}
	EndGlobalSection
EndGlobal
